
Microsoft Visual Studio Solution File, Format Version 12.00
# Visual Studio Version 17
VisualStudioVersion = 17.0.31903.59
MinimumVisualStudioVersion = 10.0.40219.1
Project("{2150E333-8FDC-42A3-9474-1A3956D46DE8}") = "InvarianceDTOandModel", "InvarianceDTOandModel", "{D025F71C-8A82-B725-9BD6-3FCB9FECB1F2}"
EndProject
Project("{FAE04EC0-301F-11D3-BF4B-00C04F79EFBC}") = "ValidateTheNameModelBinding", "InvarianceDTOandModel\ValidateTheNameModelBinding.csproj", "{5D9C3259-B778-4829-BEC2-8242CC566F0C}"
EndProject
Project("{FAE04EC0-301F-11D3-BF4B-00C04F79EFBC}") = "DomainName.Tests", "DomainName.Tests\DomainName.Tests.csproj", "{285A7A82-C6F7-4DAF-8940-3F5B7D7521C5}"
EndProject
Global
	GlobalSection(SolutionConfigurationPlatforms) = preSolution
		Debug|Any CPU = Debug|Any CPU
		Debug|x64 = Debug|x64
		Debug|x86 = Debug|x86
		Release|Any CPU = Release|Any CPU
		Release|x64 = Release|x64
		Release|x86 = Release|x86
	EndGlobalSection
	GlobalSection(ProjectConfigurationPlatforms) = postSolution
		{5D9C3259-B778-4829-BEC2-8242CC566F0C}.Debug|Any CPU.ActiveCfg = Debug|Any CPU
		{5D9C3259-B778-4829-BEC2-8242CC566F0C}.Debug|Any CPU.Build.0 = Debug|Any CPU
		{5D9C3259-B778-4829-BEC2-8242CC566F0C}.Debug|x64.ActiveCfg = Debug|Any CPU
		{5D9C3259-B778-4829-BEC2-8242CC566F0C}.Debug|x64.Build.0 = Debug|Any CPU
		{5D9C3259-B778-4829-BEC2-8242CC566F0C}.Debug|x86.ActiveCfg = Debug|Any CPU
		{5D9C3259-B778-4829-BEC2-8242CC566F0C}.Debug|x86.Build.0 = Debug|Any CPU
		{5D9C3259-B778-4829-BEC2-8242CC566F0C}.Release|Any CPU.ActiveCfg = Release|Any CPU
		{5D9C3259-B778-4829-BEC2-8242CC566F0C}.Release|Any CPU.Build.0 = Release|Any CPU
		{5D9C3259-B778-4829-BEC2-8242CC566F0C}.Release|x64.ActiveCfg = Release|Any CPU
		{5D9C3259-B778-4829-BEC2-8242CC566F0C}.Release|x64.Build.0 = Release|Any CPU
		{5D9C3259-B778-4829-BEC2-8242CC566F0C}.Release|x86.ActiveCfg = Release|Any CPU
		{5D9C3259-B778-4829-BEC2-8242CC566F0C}.Release|x86.Build.0 = Release|Any CPU
		{285A7A82-C6F7-4DAF-8940-3F5B7D7521C5}.Debug|Any CPU.ActiveCfg = Debug|Any CPU
		{285A7A82-C6F7-4DAF-8940-3F5B7D7521C5}.Debug|Any CPU.Build.0 = Debug|Any CPU
		{285A7A82-C6F7-4DAF-8940-3F5B7D7521C5}.Debug|x64.ActiveCfg = Debug|Any CPU
		{285A7A82-C6F7-4DAF-8940-3F5B7D7521C5}.Debug|x64.Build.0 = Debug|Any CPU
		{285A7A82-C6F7-4DAF-8940-3F5B7D7521C5}.Debug|x86.ActiveCfg = Debug|Any CPU
		{285A7A82-C6F7-4DAF-8940-3F5B7D7521C5}.Debug|x86.Build.0 = Debug|Any CPU
		{285A7A82-C6F7-4DAF-8940-3F5B7D7521C5}.Release|Any CPU.ActiveCfg = Release|Any CPU
		{285A7A82-C6F7-4DAF-8940-3F5B7D7521C5}.Release|Any CPU.Build.0 = Release|Any CPU
		{285A7A82-C6F7-4DAF-8940-3F5B7D7521C5}.Release|x64.ActiveCfg = Release|Any CPU
		{285A7A82-C6F7-4DAF-8940-3F5B7D7521C5}.Release|x64.Build.0 = Release|Any CPU
		{285A7A82-C6F7-4DAF-8940-3F5B7D7521C5}.Release|x86.ActiveCfg = Release|Any CPU
		{285A7A82-C6F7-4DAF-8940-3F5B7D7521C5}.Release|x86.Build.0 = Release|Any CPU
	EndGlobalSection
	GlobalSection(SolutionProperties) = preSolution
		HideSolutionNode = FALSE
	EndGlobalSection
	GlobalSection(NestedProjects) = preSolution
		{5D9C3259-B778-4829-BEC2-8242CC566F0C} = {D025F71C-8A82-B725-9BD6-3FCB9FECB1F2}
	EndGlobalSection
EndGlobal
